
Microsoft Visual Studio Solution File, Format Version 12.00
# Visual Studio Version 16
VisualStudioVersion = 16.0.30114.105
MinimumVisualStudioVersion = 10.0.40219.1
Project("{9A19103F-16F7-4668-BE54-9A1E7A4F7556}") = "DirectoryWatcher", "LoggingLibraries\DirectoryWatcher\DirectoryWatcher\DirectoryWatcher.csproj", "{0BB230A0-E6D9-4C85-BAC6-864A6F4389F0}"
EndProject
Project("{9A19103F-16F7-4668-BE54-9A1E7A4F7556}") = "DirectoryWatcher.Tests", "LoggingLibraries\DirectoryWatcher\DirectoryWatcher.Test\DirectoryWatcher.Tests.csproj", "{D0F45582-5615-4ADB-8847-6049628D18B0}"
EndProject
Project("{9A19103F-16F7-4668-BE54-9A1E7A4F7556}") = "WatcherFileLists", "LoggingLibraries\WatcherFileList\WatcherFileList\WatcherFileLists.csproj", "{1A4D2EFA-DD92-4423-86F3-F54F87D9566B}"
EndProject
Project("{9A19103F-16F7-4668-BE54-9A1E7A4F7556}") = "WatcherFileLists.Test", "LoggingLibraries\WatcherFileList\WatcherFileList.Test\WatcherFileLists.Test.csproj", "{ECB4C9A1-D3D9-4825-8A07-0FFC33AA9C9C}"
EndProject
Project("{9A19103F-16F7-4668-BE54-9A1E7A4F7556}") = "WatcherFileList.Console", "LoggingLibraries\WatcherFileList\WatcherFileList_TestOnly\WatcherFileList.Console.csproj", "{28EEC84F-4C6D-4423-B978-122E8E731FB2}"
EndProject
Project("{2150E333-8FDC-42A3-9474-1A3956D46DE8}") = "ConsoleTestApps", "ConsoleTestApps", "{9AC1FD91-034B-49F1-947B-CF52C5F826CC}"
EndProject
Project("{2150E333-8FDC-42A3-9474-1A3956D46DE8}") = "FileLoggingLibraries", "FileLoggingLibraries", "{ABC4148E-CD11-4FBF-AC80-C7919A5BE4FB}"
EndProject
Project("{2150E333-8FDC-42A3-9474-1A3956D46DE8}") = "LogService", "LogService", "{E07F46A2-C8A9-4A87-9016-7475A595508F}"
EndProject
Project("{2150E333-8FDC-42A3-9474-1A3956D46DE8}") = "LogSimulator", "LogSimulator", "{F169B6BA-B6B2-4F93-92E9-4386EC60628F}"
EndProject
Project("{9A19103F-16F7-4668-BE54-9A1E7A4F7556}") = "LogSimulator.Console", "LogSimulator.Console\LogSimulator.Console.csproj", "{BE808EED-C802-4F7E-B12B-6D05E011E42F}"
EndProject
Project("{9A19103F-16F7-4668-BE54-9A1E7A4F7556}") = "LogEntries", "LoggingLibraries\LogEntries\LogEntries\LogEntries.csproj", "{E4BAFF94-2EBF-4331-9389-E8DB5B0DBEA9}"
EndProject
Project("{9A19103F-16F7-4668-BE54-9A1E7A4F7556}") = "LogEntries.Test", "LoggingLibraries\LogEntries\LogEntries.Test\LogEntries.Test.csproj", "{C4DF0561-6999-4DFD-85B8-D2FF237C4BA3}"
EndProject
Project("{2150E333-8FDC-42A3-9474-1A3956D46DE8}") = "DirectoryWatcher", "DirectoryWatcher", "{DDFF96AD-5C71-45B5-B9A9-37E08330B581}"
EndProject
Project("{2150E333-8FDC-42A3-9474-1A3956D46DE8}") = "EndlessFileStream", "EndlessFileStream", "{46258E0F-867E-4FAA-8859-9E35E3AC790E}"
EndProject
Project("{2150E333-8FDC-42A3-9474-1A3956D46DE8}") = "LogEntries", "LogEntries", "{7E191959-B57C-46AD-8449-91B98E222C74}"
EndProject
Project("{2150E333-8FDC-42A3-9474-1A3956D46DE8}") = "WatcherFileList", "WatcherFileList", "{544989DF-310B-48E6-8643-AC76BB22F665}"
EndProject
Project("{9A19103F-16F7-4668-BE54-9A1E7A4F7556}") = "EndlessFileStream.Console", "LoggingLibraries\EndlessFileStream\EndlessFileStream.Console\EndlessFileStream.Console.csproj", "{3DDBE528-E683-40B5-9DD0-50050C64ED0A}"
EndProject
Project("{9A19103F-16F7-4668-BE54-9A1E7A4F7556}") = "FileSystemWatcher.Console", "LoggingLibraries\WatcherFileList\WatcherFileSystemWatcher_TestOnly\FileSystemWatcher.Console.csproj", "{183FF5A8-0F0E-4F21-90FA-B4DD2F8E03DF}"
EndProject
Project("{9A19103F-16F7-4668-BE54-9A1E7A4F7556}") = "EndlessFileStream", "LoggingLibraries\EndlessFileStream\EndlessFileStream\EndlessFileStream.csproj", "{7BAF8825-7F43-4DC0-B667-C18E289C58CD}"
EndProject
Project("{9A19103F-16F7-4668-BE54-9A1E7A4F7556}") = "ManualFileSystemWatcher.Console", "LoggingLibraries\DirectoryWatcher\ManualFileSystemWatcher.Console\ManualFileSystemWatcher.Console.csproj", "{2C2AD434-40EC-4F85-9B1E-0D5E54B95F86}"
EndProject
Project("{2150E333-8FDC-42A3-9474-1A3956D46DE8}") = "FileTools", "FileTools", "{0E0187AF-8401-40BB-982A-B43646A06271}"
EndProject
Project("{9A19103F-16F7-4668-BE54-9A1E7A4F7556}") = "FileTools", "LoggingLibraries\FileTools\FileTools\FileTools.csproj", "{688E4FBB-1D18-4487-B405-01B335415EA0}"
EndProject
Project("{9A19103F-16F7-4668-BE54-9A1E7A4F7556}") = "FileTools.Test", "LoggingLibraries\FileTools\FileTools.Test\FileTools.Test.csproj", "{B29A7024-6DEC-4225-BBD2-8A8FA4943828}"
EndProject
Project("{9A19103F-16F7-4668-BE54-9A1E7A4F7556}") = "EndlessFileStream.Test", "LoggingLibraries\EndlessFileStream\EndlessFileStream.Test\EndlessFileStream.Test.csproj", "{988091BF-5C37-44EE-A6AF-68CF54176838}"
EndProject
Project("{2150E333-8FDC-42A3-9474-1A3956D46DE8}") = "Deployment", "Deployment", "{84981295-5A7D-4A9C-8D4A-8B46675933E3}"
	ProjectSection(SolutionItems) = preProject
		..\Deployment\DaemonSetEasyKubeLogService.yaml = ..\Deployment\DaemonSetEasyKubeLogService.yaml
		..\Deployment\EasyKubeLogService.yaml = ..\Deployment\EasyKubeLogService.yaml
	EndProjectSection
EndProject
Project("{9A19103F-16F7-4668-BE54-9A1E7A4F7556}") = "EasyKubeLogService", "EasyKubeLogService\EasyKubeLogService.csproj", "{31705FF8-6315-4EAE-960A-CDC257D82404}"
EndProject
Project("{2150E333-8FDC-42A3-9474-1A3956D46DE8}") = "DDD", "DDD", "{D0304DA8-B5E9-4D3D-8CA4-F25AEC265DC5}"
EndProject
Project("{2150E333-8FDC-42A3-9474-1A3956D46DE8}") = "EasyKubeLogServiceDDD", "EasyKubeLogServiceDDD", "{71BEE88B-09ED-4BD8-B513-59F0C0F6903F}"
EndProject
Project("{2150E333-8FDC-42A3-9474-1A3956D46DE8}") = "Boundaries", "Boundaries", "{2B5FA352-F29F-48CD-8F44-FF6BF662E73B}"
EndProject
Project("{2150E333-8FDC-42A3-9474-1A3956D46DE8}") = "Scanner", "Scanner", "{A5C01EC5-3376-446B-B986-96B55D390C2C}"
EndProject
Project("{2150E333-8FDC-42A3-9474-1A3956D46DE8}") = "Shared", "Shared", "{349CE60B-47FA-43D4-900D-0FF45A74C258}"
EndProject
Project("{9A19103F-16F7-4668-BE54-9A1E7A4F7556}") = "Scanner.Api", "..\EasyKubeLogDDD\services\Scanner\src\Scanner.Api\Scanner.Api.csproj", "{22452303-AEAE-49C3-B059-1FDCFDFA2109}"
EndProject
Project("{9A19103F-16F7-4668-BE54-9A1E7A4F7556}") = "Scanner.Domain", "..\EasyKubeLogDDD\services\Scanner\src\Scanner.Domain\Scanner.Domain.csproj", "{D4D8F887-449D-4244-88CB-F6DE2A7CFFD6}"
EndProject
Project("{9A19103F-16F7-4668-BE54-9A1E7A4F7556}") = "Scanner.Infrastructure", "..\EasyKubeLogDDD\services\Scanner\src\Scanner.Infrastructure\Scanner.Infrastructure.csproj", "{4C4B7A04-7A85-4854-AEBC-31F1087261F1}"
EndProject
Project("{9A19103F-16F7-4668-BE54-9A1E7A4F7556}") = "SharedKernel", "..\EasyKubeLogDDD\services\Shared\SharedKernel.csproj", "{667F57CE-4647-40ED-B6AA-39DBEA07AAD7}"
EndProject
Project("{FAE04EC0-301F-11D3-BF4B-00C04F79EFBC}") = "Scanner.Main.Cli", "..\EasyKubeLogDDD\services\Scanner\src\Scanner.Main.Cli\Scanner.Main.Cli.csproj", "{969BCE7A-73FA-47B0-AD72-EB0360535C44}"
EndProject
Global
	GlobalSection(SolutionConfigurationPlatforms) = preSolution
		Debug|Any CPU = Debug|Any CPU
		Release|Any CPU = Release|Any CPU
	EndGlobalSection
	GlobalSection(ProjectConfigurationPlatforms) = postSolution
		{0BB230A0-E6D9-4C85-BAC6-864A6F4389F0}.Debug|Any CPU.ActiveCfg = Debug|Any CPU
		{0BB230A0-E6D9-4C85-BAC6-864A6F4389F0}.Debug|Any CPU.Build.0 = Debug|Any CPU
		{0BB230A0-E6D9-4C85-BAC6-864A6F4389F0}.Release|Any CPU.ActiveCfg = Release|Any CPU
		{0BB230A0-E6D9-4C85-BAC6-864A6F4389F0}.Release|Any CPU.Build.0 = Release|Any CPU
		{D0F45582-5615-4ADB-8847-6049628D18B0}.Debug|Any CPU.ActiveCfg = Debug|Any CPU
		{D0F45582-5615-4ADB-8847-6049628D18B0}.Debug|Any CPU.Build.0 = Debug|Any CPU
		{D0F45582-5615-4ADB-8847-6049628D18B0}.Release|Any CPU.ActiveCfg = Release|Any CPU
		{D0F45582-5615-4ADB-8847-6049628D18B0}.Release|Any CPU.Build.0 = Release|Any CPU
		{1A4D2EFA-DD92-4423-86F3-F54F87D9566B}.Debug|Any CPU.ActiveCfg = Debug|Any CPU
		{1A4D2EFA-DD92-4423-86F3-F54F87D9566B}.Debug|Any CPU.Build.0 = Debug|Any CPU
		{1A4D2EFA-DD92-4423-86F3-F54F87D9566B}.Release|Any CPU.ActiveCfg = Release|Any CPU
		{1A4D2EFA-DD92-4423-86F3-F54F87D9566B}.Release|Any CPU.Build.0 = Release|Any CPU
		{ECB4C9A1-D3D9-4825-8A07-0FFC33AA9C9C}.Debug|Any CPU.ActiveCfg = Debug|Any CPU
		{ECB4C9A1-D3D9-4825-8A07-0FFC33AA9C9C}.Debug|Any CPU.Build.0 = Debug|Any CPU
		{ECB4C9A1-D3D9-4825-8A07-0FFC33AA9C9C}.Release|Any CPU.ActiveCfg = Release|Any CPU
		{ECB4C9A1-D3D9-4825-8A07-0FFC33AA9C9C}.Release|Any CPU.Build.0 = Release|Any CPU
		{28EEC84F-4C6D-4423-B978-122E8E731FB2}.Debug|Any CPU.ActiveCfg = Debug|Any CPU
		{28EEC84F-4C6D-4423-B978-122E8E731FB2}.Debug|Any CPU.Build.0 = Debug|Any CPU
		{28EEC84F-4C6D-4423-B978-122E8E731FB2}.Release|Any CPU.ActiveCfg = Release|Any CPU
		{28EEC84F-4C6D-4423-B978-122E8E731FB2}.Release|Any CPU.Build.0 = Release|Any CPU
		{BE808EED-C802-4F7E-B12B-6D05E011E42F}.Debug|Any CPU.ActiveCfg = Debug|Any CPU
		{BE808EED-C802-4F7E-B12B-6D05E011E42F}.Debug|Any CPU.Build.0 = Debug|Any CPU
		{BE808EED-C802-4F7E-B12B-6D05E011E42F}.Release|Any CPU.ActiveCfg = Release|Any CPU
		{BE808EED-C802-4F7E-B12B-6D05E011E42F}.Release|Any CPU.Build.0 = Release|Any CPU
		{E4BAFF94-2EBF-4331-9389-E8DB5B0DBEA9}.Debug|Any CPU.ActiveCfg = Debug|Any CPU
		{E4BAFF94-2EBF-4331-9389-E8DB5B0DBEA9}.Debug|Any CPU.Build.0 = Debug|Any CPU
		{E4BAFF94-2EBF-4331-9389-E8DB5B0DBEA9}.Release|Any CPU.ActiveCfg = Release|Any CPU
		{E4BAFF94-2EBF-4331-9389-E8DB5B0DBEA9}.Release|Any CPU.Build.0 = Release|Any CPU
		{C4DF0561-6999-4DFD-85B8-D2FF237C4BA3}.Debug|Any CPU.ActiveCfg = Debug|Any CPU
		{C4DF0561-6999-4DFD-85B8-D2FF237C4BA3}.Debug|Any CPU.Build.0 = Debug|Any CPU
		{C4DF0561-6999-4DFD-85B8-D2FF237C4BA3}.Release|Any CPU.ActiveCfg = Release|Any CPU
		{C4DF0561-6999-4DFD-85B8-D2FF237C4BA3}.Release|Any CPU.Build.0 = Release|Any CPU
		{3DDBE528-E683-40B5-9DD0-50050C64ED0A}.Debug|Any CPU.ActiveCfg = Debug|Any CPU
		{3DDBE528-E683-40B5-9DD0-50050C64ED0A}.Debug|Any CPU.Build.0 = Debug|Any CPU
		{3DDBE528-E683-40B5-9DD0-50050C64ED0A}.Release|Any CPU.ActiveCfg = Release|Any CPU
		{3DDBE528-E683-40B5-9DD0-50050C64ED0A}.Release|Any CPU.Build.0 = Release|Any CPU
		{183FF5A8-0F0E-4F21-90FA-B4DD2F8E03DF}.Debug|Any CPU.ActiveCfg = Debug|Any CPU
		{183FF5A8-0F0E-4F21-90FA-B4DD2F8E03DF}.Debug|Any CPU.Build.0 = Debug|Any CPU
		{183FF5A8-0F0E-4F21-90FA-B4DD2F8E03DF}.Release|Any CPU.ActiveCfg = Release|Any CPU
		{183FF5A8-0F0E-4F21-90FA-B4DD2F8E03DF}.Release|Any CPU.Build.0 = Release|Any CPU
		{7BAF8825-7F43-4DC0-B667-C18E289C58CD}.Debug|Any CPU.ActiveCfg = Debug|Any CPU
		{7BAF8825-7F43-4DC0-B667-C18E289C58CD}.Debug|Any CPU.Build.0 = Debug|Any CPU
		{7BAF8825-7F43-4DC0-B667-C18E289C58CD}.Release|Any CPU.ActiveCfg = Release|Any CPU
		{7BAF8825-7F43-4DC0-B667-C18E289C58CD}.Release|Any CPU.Build.0 = Release|Any CPU
		{2C2AD434-40EC-4F85-9B1E-0D5E54B95F86}.Debug|Any CPU.ActiveCfg = Debug|Any CPU
		{2C2AD434-40EC-4F85-9B1E-0D5E54B95F86}.Debug|Any CPU.Build.0 = Debug|Any CPU
		{2C2AD434-40EC-4F85-9B1E-0D5E54B95F86}.Release|Any CPU.ActiveCfg = Release|Any CPU
		{2C2AD434-40EC-4F85-9B1E-0D5E54B95F86}.Release|Any CPU.Build.0 = Release|Any CPU
		{688E4FBB-1D18-4487-B405-01B335415EA0}.Debug|Any CPU.ActiveCfg = Debug|Any CPU
		{688E4FBB-1D18-4487-B405-01B335415EA0}.Debug|Any CPU.Build.0 = Debug|Any CPU
		{688E4FBB-1D18-4487-B405-01B335415EA0}.Release|Any CPU.ActiveCfg = Release|Any CPU
		{688E4FBB-1D18-4487-B405-01B335415EA0}.Release|Any CPU.Build.0 = Release|Any CPU
		{B29A7024-6DEC-4225-BBD2-8A8FA4943828}.Debug|Any CPU.ActiveCfg = Debug|Any CPU
		{B29A7024-6DEC-4225-BBD2-8A8FA4943828}.Debug|Any CPU.Build.0 = Debug|Any CPU
		{B29A7024-6DEC-4225-BBD2-8A8FA4943828}.Release|Any CPU.ActiveCfg = Release|Any CPU
		{B29A7024-6DEC-4225-BBD2-8A8FA4943828}.Release|Any CPU.Build.0 = Release|Any CPU
		{988091BF-5C37-44EE-A6AF-68CF54176838}.Debug|Any CPU.ActiveCfg = Debug|Any CPU
		{988091BF-5C37-44EE-A6AF-68CF54176838}.Debug|Any CPU.Build.0 = Debug|Any CPU
		{988091BF-5C37-44EE-A6AF-68CF54176838}.Release|Any CPU.ActiveCfg = Release|Any CPU
		{988091BF-5C37-44EE-A6AF-68CF54176838}.Release|Any CPU.Build.0 = Release|Any CPU
		{31705FF8-6315-4EAE-960A-CDC257D82404}.Debug|Any CPU.ActiveCfg = Debug|Any CPU
		{31705FF8-6315-4EAE-960A-CDC257D82404}.Debug|Any CPU.Build.0 = Debug|Any CPU
		{31705FF8-6315-4EAE-960A-CDC257D82404}.Release|Any CPU.ActiveCfg = Release|Any CPU
		{31705FF8-6315-4EAE-960A-CDC257D82404}.Release|Any CPU.Build.0 = Release|Any CPU
		{22452303-AEAE-49C3-B059-1FDCFDFA2109}.Debug|Any CPU.ActiveCfg = Debug|Any CPU
		{22452303-AEAE-49C3-B059-1FDCFDFA2109}.Debug|Any CPU.Build.0 = Debug|Any CPU
		{22452303-AEAE-49C3-B059-1FDCFDFA2109}.Release|Any CPU.ActiveCfg = Release|Any CPU
		{22452303-AEAE-49C3-B059-1FDCFDFA2109}.Release|Any CPU.Build.0 = Release|Any CPU
		{D4D8F887-449D-4244-88CB-F6DE2A7CFFD6}.Debug|Any CPU.ActiveCfg = Debug|Any CPU
		{D4D8F887-449D-4244-88CB-F6DE2A7CFFD6}.Debug|Any CPU.Build.0 = Debug|Any CPU
		{D4D8F887-449D-4244-88CB-F6DE2A7CFFD6}.Release|Any CPU.ActiveCfg = Release|Any CPU
		{D4D8F887-449D-4244-88CB-F6DE2A7CFFD6}.Release|Any CPU.Build.0 = Release|Any CPU
		{4C4B7A04-7A85-4854-AEBC-31F1087261F1}.Debug|Any CPU.ActiveCfg = Debug|Any CPU
		{4C4B7A04-7A85-4854-AEBC-31F1087261F1}.Debug|Any CPU.Build.0 = Debug|Any CPU
		{4C4B7A04-7A85-4854-AEBC-31F1087261F1}.Release|Any CPU.ActiveCfg = Release|Any CPU
		{4C4B7A04-7A85-4854-AEBC-31F1087261F1}.Release|Any CPU.Build.0 = Release|Any CPU
		{667F57CE-4647-40ED-B6AA-39DBEA07AAD7}.Debug|Any CPU.ActiveCfg = Debug|Any CPU
		{667F57CE-4647-40ED-B6AA-39DBEA07AAD7}.Debug|Any CPU.Build.0 = Debug|Any CPU
		{667F57CE-4647-40ED-B6AA-39DBEA07AAD7}.Release|Any CPU.ActiveCfg = Release|Any CPU
		{667F57CE-4647-40ED-B6AA-39DBEA07AAD7}.Release|Any CPU.Build.0 = Release|Any CPU
		{969BCE7A-73FA-47B0-AD72-EB0360535C44}.Debug|Any CPU.ActiveCfg = Debug|Any CPU
		{969BCE7A-73FA-47B0-AD72-EB0360535C44}.Debug|Any CPU.Build.0 = Debug|Any CPU
		{969BCE7A-73FA-47B0-AD72-EB0360535C44}.Release|Any CPU.ActiveCfg = Release|Any CPU
		{969BCE7A-73FA-47B0-AD72-EB0360535C44}.Release|Any CPU.Build.0 = Release|Any CPU
	EndGlobalSection
	GlobalSection(SolutionProperties) = preSolution
		HideSolutionNode = FALSE
	EndGlobalSection
	GlobalSection(NestedProjects) = preSolution
		{0BB230A0-E6D9-4C85-BAC6-864A6F4389F0} = {DDFF96AD-5C71-45B5-B9A9-37E08330B581}
		{D0F45582-5615-4ADB-8847-6049628D18B0} = {DDFF96AD-5C71-45B5-B9A9-37E08330B581}
		{1A4D2EFA-DD92-4423-86F3-F54F87D9566B} = {544989DF-310B-48E6-8643-AC76BB22F665}
		{ECB4C9A1-D3D9-4825-8A07-0FFC33AA9C9C} = {544989DF-310B-48E6-8643-AC76BB22F665}
		{28EEC84F-4C6D-4423-B978-122E8E731FB2} = {9AC1FD91-034B-49F1-947B-CF52C5F826CC}
		{9AC1FD91-034B-49F1-947B-CF52C5F826CC} = {ABC4148E-CD11-4FBF-AC80-C7919A5BE4FB}
		{F169B6BA-B6B2-4F93-92E9-4386EC60628F} = {ABC4148E-CD11-4FBF-AC80-C7919A5BE4FB}
		{BE808EED-C802-4F7E-B12B-6D05E011E42F} = {F169B6BA-B6B2-4F93-92E9-4386EC60628F}
		{E4BAFF94-2EBF-4331-9389-E8DB5B0DBEA9} = {7E191959-B57C-46AD-8449-91B98E222C74}
		{C4DF0561-6999-4DFD-85B8-D2FF237C4BA3} = {7E191959-B57C-46AD-8449-91B98E222C74}
		{DDFF96AD-5C71-45B5-B9A9-37E08330B581} = {ABC4148E-CD11-4FBF-AC80-C7919A5BE4FB}
		{46258E0F-867E-4FAA-8859-9E35E3AC790E} = {ABC4148E-CD11-4FBF-AC80-C7919A5BE4FB}
		{7E191959-B57C-46AD-8449-91B98E222C74} = {ABC4148E-CD11-4FBF-AC80-C7919A5BE4FB}
		{544989DF-310B-48E6-8643-AC76BB22F665} = {ABC4148E-CD11-4FBF-AC80-C7919A5BE4FB}
		{3DDBE528-E683-40B5-9DD0-50050C64ED0A} = {9AC1FD91-034B-49F1-947B-CF52C5F826CC}
		{183FF5A8-0F0E-4F21-90FA-B4DD2F8E03DF} = {9AC1FD91-034B-49F1-947B-CF52C5F826CC}
		{7BAF8825-7F43-4DC0-B667-C18E289C58CD} = {46258E0F-867E-4FAA-8859-9E35E3AC790E}
		{2C2AD434-40EC-4F85-9B1E-0D5E54B95F86} = {9AC1FD91-034B-49F1-947B-CF52C5F826CC}
		{0E0187AF-8401-40BB-982A-B43646A06271} = {ABC4148E-CD11-4FBF-AC80-C7919A5BE4FB}
		{688E4FBB-1D18-4487-B405-01B335415EA0} = {0E0187AF-8401-40BB-982A-B43646A06271}
		{B29A7024-6DEC-4225-BBD2-8A8FA4943828} = {0E0187AF-8401-40BB-982A-B43646A06271}
		{988091BF-5C37-44EE-A6AF-68CF54176838} = {46258E0F-867E-4FAA-8859-9E35E3AC790E}
		{84981295-5A7D-4A9C-8D4A-8B46675933E3} = {E07F46A2-C8A9-4A87-9016-7475A595508F}
		{31705FF8-6315-4EAE-960A-CDC257D82404} = {E07F46A2-C8A9-4A87-9016-7475A595508F}
		{71BEE88B-09ED-4BD8-B513-59F0C0F6903F} = {D0304DA8-B5E9-4D3D-8CA4-F25AEC265DC5}
		{2B5FA352-F29F-48CD-8F44-FF6BF662E73B} = {71BEE88B-09ED-4BD8-B513-59F0C0F6903F}
		{A5C01EC5-3376-446B-B986-96B55D390C2C} = {2B5FA352-F29F-48CD-8F44-FF6BF662E73B}
		{349CE60B-47FA-43D4-900D-0FF45A74C258} = {2B5FA352-F29F-48CD-8F44-FF6BF662E73B}
		{22452303-AEAE-49C3-B059-1FDCFDFA2109} = {A5C01EC5-3376-446B-B986-96B55D390C2C}
		{D4D8F887-449D-4244-88CB-F6DE2A7CFFD6} = {A5C01EC5-3376-446B-B986-96B55D390C2C}
		{4C4B7A04-7A85-4854-AEBC-31F1087261F1} = {A5C01EC5-3376-446B-B986-96B55D390C2C}
		{667F57CE-4647-40ED-B6AA-39DBEA07AAD7} = {349CE60B-47FA-43D4-900D-0FF45A74C258}
		{969BCE7A-73FA-47B0-AD72-EB0360535C44} = {A5C01EC5-3376-446B-B986-96B55D390C2C}
	EndGlobalSection
	GlobalSection(ExtensibilityGlobals) = postSolution
		SolutionGuid = {9D1BF3C4-FFEE-43FF-8016-7458E4F2617E}
	EndGlobalSection
EndGlobal
